
Microsoft Visual Studio Solution File, Format Version 12.00
# Visual Studio Version 17
VisualStudioVersion = 17.2.32630.192
MinimumVisualStudioVersion = 10.0.40219.1
Project("{9A19103F-16F7-4668-BE54-9A1E7A4F7556}") = "R5T.L0074.Construction", "R5T.L0074.Construction\R5T.L0074.Construction.csproj", "{39D96B38-9A7C-47BA-917E-67723194435F}"
EndProject
Project("{9A19103F-16F7-4668-BE54-9A1E7A4F7556}") = "R5T.L0074", "R5T.L0074\R5T.L0074.csproj", "{82C12D3A-D92B-448D-ADCD-F919EDBE1E77}"
EndProject
Project("{2150E333-8FDC-42A3-9474-1A3956D46DE8}") = "_Dependencies", "_Dependencies", "{0BF855A2-3C78-4F95-8038-832C9E3890FA}"
EndProject
Project("{9A19103F-16F7-4668-BE54-9A1E7A4F7556}") = "R5T.L0066", "..\..\R5T.L0066\source\R5T.L0066\R5T.L0066.csproj", "{7559C859-149B-4DA7-B6AE-B6CFEDE48974}"
EndProject
Project("{9A19103F-16F7-4668-BE54-9A1E7A4F7556}") = "R5T.T0131", "..\..\R5T.T0131\source\R5T.T0131\R5T.T0131.csproj", "{E960349E-E2E0-4D12-8933-AAE55FEFA624}"
EndProject
Project("{9A19103F-16F7-4668-BE54-9A1E7A4F7556}") = "R5T.T0132", "..\..\R5T.T0132\source\R5T.T0132\R5T.T0132.csproj", "{6A311E07-083D-4FEC-A488-4CC2F4C5B746}"
EndProject
Project("{9A19103F-16F7-4668-BE54-9A1E7A4F7556}") = "R5T.T0142", "..\..\R5T.T0142\source\R5T.T0142\R5T.T0142.csproj", "{4F61612B-C4B7-4670-AAF5-61D9F33A68EE}"
EndProject
Project("{9A19103F-16F7-4668-BE54-9A1E7A4F7556}") = "R5T.T0143", "..\..\R5T.T0143\source\R5T.T0143\R5T.T0143.csproj", "{B047115D-DAED-44D0-A126-DB3D9FF4CC40}"
EndProject
Project("{9A19103F-16F7-4668-BE54-9A1E7A4F7556}") = "R5T.T0156", "..\..\R5T.T0156\source\R5T.T0156\R5T.T0156.csproj", "{9E02F44E-DBA7-4A58-A57E-D86B1570E3AD}"
EndProject
Project("{9A19103F-16F7-4668-BE54-9A1E7A4F7556}") = "R5T.Y0006", "..\..\R5T.Y0006\source\R5T.Y0006\R5T.Y0006.csproj", "{3D520200-2B5A-4080-AE78-E2423061C573}"
EndProject
Project("{9A19103F-16F7-4668-BE54-9A1E7A4F7556}") = "R5T.T0178", "..\..\R5T.T0178\source\R5T.T0178\R5T.T0178.csproj", "{6ABD5903-CC88-45B7-9606-42A12BE29928}"
EndProject
Project("{9A19103F-16F7-4668-BE54-9A1E7A4F7556}") = "R5T.T0179", "..\..\R5T.T0179\source\R5T.T0179\R5T.T0179.csproj", "{1EB51D19-BDB3-4EC4-AFBF-10CA1925B9A1}"
EndProject
Project("{9A19103F-16F7-4668-BE54-9A1E7A4F7556}") = "R5T.T0180", "..\..\R5T.T0180\source\R5T.T0180\R5T.T0180.csproj", "{ED611043-182D-4AF3-B0CE-2DDBFB5B5B48}"
EndProject
Global
	GlobalSection(NestedProjects) = preSolution
		{7559C859-149B-4DA7-B6AE-B6CFEDE48974} = {0BF855A2-3C78-4F95-8038-832C9E3890FA}
		{E960349E-E2E0-4D12-8933-AAE55FEFA624} = {0BF855A2-3C78-4F95-8038-832C9E3890FA}
		{6A311E07-083D-4FEC-A488-4CC2F4C5B746} = {0BF855A2-3C78-4F95-8038-832C9E3890FA}
		{4F61612B-C4B7-4670-AAF5-61D9F33A68EE} = {0BF855A2-3C78-4F95-8038-832C9E3890FA}
		{B047115D-DAED-44D0-A126-DB3D9FF4CC40} = {0BF855A2-3C78-4F95-8038-832C9E3890FA}
		{9E02F44E-DBA7-4A58-A57E-D86B1570E3AD} = {0BF855A2-3C78-4F95-8038-832C9E3890FA}
		{3D520200-2B5A-4080-AE78-E2423061C573} = {0BF855A2-3C78-4F95-8038-832C9E3890FA}
		{6ABD5903-CC88-45B7-9606-42A12BE29928} = {0BF855A2-3C78-4F95-8038-832C9E3890FA}
		{1EB51D19-BDB3-4EC4-AFBF-10CA1925B9A1} = {0BF855A2-3C78-4F95-8038-832C9E3890FA}
		{ED611043-182D-4AF3-B0CE-2DDBFB5B5B48} = {0BF855A2-3C78-4F95-8038-832C9E3890FA}
	EndGlobalSection
	GlobalSection(SolutionConfigurationPlatforms) = preSolution
		Debug|Any CPU = Debug|Any CPU
		Release|Any CPU = Release|Any CPU
	EndGlobalSection
	GlobalSection(ProjectConfigurationPlatforms) = postSolution
		{39D96B38-9A7C-47BA-917E-67723194435F}.Debug|Any CPU.ActiveCfg = Debug|Any CPU
		{39D96B38-9A7C-47BA-917E-67723194435F}.Debug|Any CPU.Build.0 = Debug|Any CPU
		{39D96B38-9A7C-47BA-917E-67723194435F}.Release|Any CPU.ActiveCfg = Release|Any CPU
		{39D96B38-9A7C-47BA-917E-67723194435F}.Release|Any CPU.Build.0 = Release|Any CPU
		{82C12D3A-D92B-448D-ADCD-F919EDBE1E77}.Debug|Any CPU.ActiveCfg = Debug|Any CPU
		{82C12D3A-D92B-448D-ADCD-F919EDBE1E77}.Debug|Any CPU.Build.0 = Debug|Any CPU
		{82C12D3A-D92B-448D-ADCD-F919EDBE1E77}.Release|Any CPU.ActiveCfg = Release|Any CPU
		{82C12D3A-D92B-448D-ADCD-F919EDBE1E77}.Release|Any CPU.Build.0 = Release|Any CPU
		{7559C859-149B-4DA7-B6AE-B6CFEDE48974}.Debug|Any CPU.ActiveCfg = Debug|Any CPU
		{7559C859-149B-4DA7-B6AE-B6CFEDE48974}.Debug|Any CPU.Build.0 = Debug|Any CPU
		{7559C859-149B-4DA7-B6AE-B6CFEDE48974}.Release|Any CPU.ActiveCfg = Release|Any CPU
		{7559C859-149B-4DA7-B6AE-B6CFEDE48974}.Release|Any CPU.Build.0 = Release|Any CPU
		{E960349E-E2E0-4D12-8933-AAE55FEFA624}.Debug|Any CPU.ActiveCfg = Debug|Any CPU
		{E960349E-E2E0-4D12-8933-AAE55FEFA624}.Debug|Any CPU.Build.0 = Debug|Any CPU
		{E960349E-E2E0-4D12-8933-AAE55FEFA624}.Release|Any CPU.ActiveCfg = Release|Any CPU
		{E960349E-E2E0-4D12-8933-AAE55FEFA624}.Release|Any CPU.Build.0 = Release|Any CPU
		{6A311E07-083D-4FEC-A488-4CC2F4C5B746}.Debug|Any CPU.ActiveCfg = Debug|Any CPU
		{6A311E07-083D-4FEC-A488-4CC2F4C5B746}.Debug|Any CPU.Build.0 = Debug|Any CPU
		{6A311E07-083D-4FEC-A488-4CC2F4C5B746}.Release|Any CPU.ActiveCfg = Release|Any CPU
		{6A311E07-083D-4FEC-A488-4CC2F4C5B746}.Release|Any CPU.Build.0 = Release|Any CPU
		{4F61612B-C4B7-4670-AAF5-61D9F33A68EE}.Debug|Any CPU.ActiveCfg = Debug|Any CPU
		{4F61612B-C4B7-4670-AAF5-61D9F33A68EE}.Debug|Any CPU.Build.0 = Debug|Any CPU
		{4F61612B-C4B7-4670-AAF5-61D9F33A68EE}.Release|Any CPU.ActiveCfg = Release|Any CPU
		{4F61612B-C4B7-4670-AAF5-61D9F33A68EE}.Release|Any CPU.Build.0 = Release|Any CPU
		{B047115D-DAED-44D0-A126-DB3D9FF4CC40}.Debug|Any CPU.ActiveCfg = Debug|Any CPU
		{B047115D-DAED-44D0-A126-DB3D9FF4CC40}.Debug|Any CPU.Build.0 = Debug|Any CPU
		{B047115D-DAED-44D0-A126-DB3D9FF4CC40}.Release|Any CPU.ActiveCfg = Release|Any CPU
		{B047115D-DAED-44D0-A126-DB3D9FF4CC40}.Release|Any CPU.Build.0 = Release|Any CPU
		{9E02F44E-DBA7-4A58-A57E-D86B1570E3AD}.Debug|Any CPU.ActiveCfg = Debug|Any CPU
		{9E02F44E-DBA7-4A58-A57E-D86B1570E3AD}.Debug|Any CPU.Build.0 = Debug|Any CPU
		{9E02F44E-DBA7-4A58-A57E-D86B1570E3AD}.Release|Any CPU.ActiveCfg = Release|Any CPU
		{9E02F44E-DBA7-4A58-A57E-D86B1570E3AD}.Release|Any CPU.Build.0 = Release|Any CPU
		{3D520200-2B5A-4080-AE78-E2423061C573}.Debug|Any CPU.ActiveCfg = Debug|Any CPU
		{3D520200-2B5A-4080-AE78-E2423061C573}.Debug|Any CPU.Build.0 = Debug|Any CPU
		{3D520200-2B5A-4080-AE78-E2423061C573}.Release|Any CPU.ActiveCfg = Release|Any CPU
		{3D520200-2B5A-4080-AE78-E2423061C573}.Release|Any CPU.Build.0 = Release|Any CPU
		{6ABD5903-CC88-45B7-9606-42A12BE29928}.Debug|Any CPU.ActiveCfg = Debug|Any CPU
		{6ABD5903-CC88-45B7-9606-42A12BE29928}.Debug|Any CPU.Build.0 = Debug|Any CPU
		{6ABD5903-CC88-45B7-9606-42A12BE29928}.Release|Any CPU.ActiveCfg = Release|Any CPU
		{6ABD5903-CC88-45B7-9606-42A12BE29928}.Release|Any CPU.Build.0 = Release|Any CPU
		{1EB51D19-BDB3-4EC4-AFBF-10CA1925B9A1}.Debug|Any CPU.ActiveCfg = Debug|Any CPU
		{1EB51D19-BDB3-4EC4-AFBF-10CA1925B9A1}.Debug|Any CPU.Build.0 = Debug|Any CPU
		{1EB51D19-BDB3-4EC4-AFBF-10CA1925B9A1}.Release|Any CPU.ActiveCfg = Release|Any CPU
		{1EB51D19-BDB3-4EC4-AFBF-10CA1925B9A1}.Release|Any CPU.Build.0 = Release|Any CPU
		{ED611043-182D-4AF3-B0CE-2DDBFB5B5B48}.Debug|Any CPU.ActiveCfg = Debug|Any CPU
		{ED611043-182D-4AF3-B0CE-2DDBFB5B5B48}.Debug|Any CPU.Build.0 = Debug|Any CPU
		{ED611043-182D-4AF3-B0CE-2DDBFB5B5B48}.Release|Any CPU.ActiveCfg = Release|Any CPU
		{ED611043-182D-4AF3-B0CE-2DDBFB5B5B48}.Release|Any CPU.Build.0 = Release|Any CPU
	EndGlobalSection
	GlobalSection(SolutionProperties) = preSolution
		HideSolutionNode = FALSE
	EndGlobalSection
	GlobalSection(ExtensibilityGlobals) = postSolution
		SolutionGuid = {D0EB3C81-5EF5-465B-A34F-25407B4D20E9}
	EndGlobalSection
EndGlobal
