
Microsoft Visual Studio Solution File, Format Version 12.00
# Visual Studio Version 17
VisualStudioVersion = 17.2.32630.192
MinimumVisualStudioVersion = 10.0.40219.1
Project("{9A19103F-16F7-4668-BE54-9A1E7A4F7556}") = "R5T.L0074", "R5T.L0074\R5T.L0074.csproj", "{500DF30F-0300-4B6A-B62E-EFC4B2CECBC7}"
EndProject
Project("{2150E333-8FDC-42A3-9474-1A3956D46DE8}") = "_Dependencies", "_Dependencies", "{E36955AC-6260-4331-B9DC-3DAA31C8BF83}"
EndProject
Project("{9A19103F-16F7-4668-BE54-9A1E7A4F7556}") = "R5T.L0066", "..\..\R5T.L0066\source\R5T.L0066\R5T.L0066.csproj", "{ADAAF1B0-8F6B-4904-AE47-1B981B621971}"
EndProject
Project("{9A19103F-16F7-4668-BE54-9A1E7A4F7556}") = "R5T.T0131", "..\..\R5T.T0131\source\R5T.T0131\R5T.T0131.csproj", "{4049EF99-311E-4651-BDE2-4CC1052DD019}"
EndProject
Project("{9A19103F-16F7-4668-BE54-9A1E7A4F7556}") = "R5T.T0132", "..\..\R5T.T0132\source\R5T.T0132\R5T.T0132.csproj", "{1D630168-9AAB-47BC-B2BE-D18C0A25E924}"
EndProject
Project("{9A19103F-16F7-4668-BE54-9A1E7A4F7556}") = "R5T.T0142", "..\..\R5T.T0142\source\R5T.T0142\R5T.T0142.csproj", "{B624AC6C-5EB2-4F39-81BF-388CF759390D}"
EndProject
Project("{9A19103F-16F7-4668-BE54-9A1E7A4F7556}") = "R5T.T0143", "..\..\R5T.T0143\source\R5T.T0143\R5T.T0143.csproj", "{E63EF17F-4055-42EA-812B-9CDC21644E52}"
EndProject
Project("{9A19103F-16F7-4668-BE54-9A1E7A4F7556}") = "R5T.T0156", "..\..\R5T.T0156\source\R5T.T0156\R5T.T0156.csproj", "{47B9B8CD-E1E2-40C3-A351-4107C595AA54}"
EndProject
Project("{9A19103F-16F7-4668-BE54-9A1E7A4F7556}") = "R5T.Y0006", "..\..\R5T.Y0006\source\R5T.Y0006\R5T.Y0006.csproj", "{05558E03-3264-40D8-9F00-543C9EF3B01D}"
EndProject
Project("{9A19103F-16F7-4668-BE54-9A1E7A4F7556}") = "R5T.T0178", "..\..\R5T.T0178\source\R5T.T0178\R5T.T0178.csproj", "{46DF0301-F77C-4D10-9395-5648198C2D13}"
EndProject
Project("{9A19103F-16F7-4668-BE54-9A1E7A4F7556}") = "R5T.T0179", "..\..\R5T.T0179\source\R5T.T0179\R5T.T0179.csproj", "{49E92BE6-CFD1-4F24-AAD7-1BD50CF89877}"
EndProject
Project("{9A19103F-16F7-4668-BE54-9A1E7A4F7556}") = "R5T.T0180", "..\..\R5T.T0180\source\R5T.T0180\R5T.T0180.csproj", "{7DB2813B-3A59-4CDA-AF6D-F2F0E8BA0526}"
EndProject
Global
	GlobalSection(NestedProjects) = preSolution
		{ADAAF1B0-8F6B-4904-AE47-1B981B621971} = {E36955AC-6260-4331-B9DC-3DAA31C8BF83}
		{4049EF99-311E-4651-BDE2-4CC1052DD019} = {E36955AC-6260-4331-B9DC-3DAA31C8BF83}
		{1D630168-9AAB-47BC-B2BE-D18C0A25E924} = {E36955AC-6260-4331-B9DC-3DAA31C8BF83}
		{B624AC6C-5EB2-4F39-81BF-388CF759390D} = {E36955AC-6260-4331-B9DC-3DAA31C8BF83}
		{E63EF17F-4055-42EA-812B-9CDC21644E52} = {E36955AC-6260-4331-B9DC-3DAA31C8BF83}
		{47B9B8CD-E1E2-40C3-A351-4107C595AA54} = {E36955AC-6260-4331-B9DC-3DAA31C8BF83}
		{05558E03-3264-40D8-9F00-543C9EF3B01D} = {E36955AC-6260-4331-B9DC-3DAA31C8BF83}
		{46DF0301-F77C-4D10-9395-5648198C2D13} = {E36955AC-6260-4331-B9DC-3DAA31C8BF83}
		{49E92BE6-CFD1-4F24-AAD7-1BD50CF89877} = {E36955AC-6260-4331-B9DC-3DAA31C8BF83}
		{7DB2813B-3A59-4CDA-AF6D-F2F0E8BA0526} = {E36955AC-6260-4331-B9DC-3DAA31C8BF83}
	EndGlobalSection
	GlobalSection(SolutionConfigurationPlatforms) = preSolution
		Debug|Any CPU = Debug|Any CPU
		Release|Any CPU = Release|Any CPU
	EndGlobalSection
	GlobalSection(ProjectConfigurationPlatforms) = postSolution
		{500DF30F-0300-4B6A-B62E-EFC4B2CECBC7}.Debug|Any CPU.ActiveCfg = Debug|Any CPU
		{500DF30F-0300-4B6A-B62E-EFC4B2CECBC7}.Debug|Any CPU.Build.0 = Debug|Any CPU
		{500DF30F-0300-4B6A-B62E-EFC4B2CECBC7}.Release|Any CPU.ActiveCfg = Release|Any CPU
		{500DF30F-0300-4B6A-B62E-EFC4B2CECBC7}.Release|Any CPU.Build.0 = Release|Any CPU
		{ADAAF1B0-8F6B-4904-AE47-1B981B621971}.Debug|Any CPU.ActiveCfg = Debug|Any CPU
		{ADAAF1B0-8F6B-4904-AE47-1B981B621971}.Debug|Any CPU.Build.0 = Debug|Any CPU
		{ADAAF1B0-8F6B-4904-AE47-1B981B621971}.Release|Any CPU.ActiveCfg = Release|Any CPU
		{ADAAF1B0-8F6B-4904-AE47-1B981B621971}.Release|Any CPU.Build.0 = Release|Any CPU
		{4049EF99-311E-4651-BDE2-4CC1052DD019}.Debug|Any CPU.ActiveCfg = Debug|Any CPU
		{4049EF99-311E-4651-BDE2-4CC1052DD019}.Debug|Any CPU.Build.0 = Debug|Any CPU
		{4049EF99-311E-4651-BDE2-4CC1052DD019}.Release|Any CPU.ActiveCfg = Release|Any CPU
		{4049EF99-311E-4651-BDE2-4CC1052DD019}.Release|Any CPU.Build.0 = Release|Any CPU
		{1D630168-9AAB-47BC-B2BE-D18C0A25E924}.Debug|Any CPU.ActiveCfg = Debug|Any CPU
		{1D630168-9AAB-47BC-B2BE-D18C0A25E924}.Debug|Any CPU.Build.0 = Debug|Any CPU
		{1D630168-9AAB-47BC-B2BE-D18C0A25E924}.Release|Any CPU.ActiveCfg = Release|Any CPU
		{1D630168-9AAB-47BC-B2BE-D18C0A25E924}.Release|Any CPU.Build.0 = Release|Any CPU
		{B624AC6C-5EB2-4F39-81BF-388CF759390D}.Debug|Any CPU.ActiveCfg = Debug|Any CPU
		{B624AC6C-5EB2-4F39-81BF-388CF759390D}.Debug|Any CPU.Build.0 = Debug|Any CPU
		{B624AC6C-5EB2-4F39-81BF-388CF759390D}.Release|Any CPU.ActiveCfg = Release|Any CPU
		{B624AC6C-5EB2-4F39-81BF-388CF759390D}.Release|Any CPU.Build.0 = Release|Any CPU
		{E63EF17F-4055-42EA-812B-9CDC21644E52}.Debug|Any CPU.ActiveCfg = Debug|Any CPU
		{E63EF17F-4055-42EA-812B-9CDC21644E52}.Debug|Any CPU.Build.0 = Debug|Any CPU
		{E63EF17F-4055-42EA-812B-9CDC21644E52}.Release|Any CPU.ActiveCfg = Release|Any CPU
		{E63EF17F-4055-42EA-812B-9CDC21644E52}.Release|Any CPU.Build.0 = Release|Any CPU
		{47B9B8CD-E1E2-40C3-A351-4107C595AA54}.Debug|Any CPU.ActiveCfg = Debug|Any CPU
		{47B9B8CD-E1E2-40C3-A351-4107C595AA54}.Debug|Any CPU.Build.0 = Debug|Any CPU
		{47B9B8CD-E1E2-40C3-A351-4107C595AA54}.Release|Any CPU.ActiveCfg = Release|Any CPU
		{47B9B8CD-E1E2-40C3-A351-4107C595AA54}.Release|Any CPU.Build.0 = Release|Any CPU
		{05558E03-3264-40D8-9F00-543C9EF3B01D}.Debug|Any CPU.ActiveCfg = Debug|Any CPU
		{05558E03-3264-40D8-9F00-543C9EF3B01D}.Debug|Any CPU.Build.0 = Debug|Any CPU
		{05558E03-3264-40D8-9F00-543C9EF3B01D}.Release|Any CPU.ActiveCfg = Release|Any CPU
		{05558E03-3264-40D8-9F00-543C9EF3B01D}.Release|Any CPU.Build.0 = Release|Any CPU
		{46DF0301-F77C-4D10-9395-5648198C2D13}.Debug|Any CPU.ActiveCfg = Debug|Any CPU
		{46DF0301-F77C-4D10-9395-5648198C2D13}.Debug|Any CPU.Build.0 = Debug|Any CPU
		{46DF0301-F77C-4D10-9395-5648198C2D13}.Release|Any CPU.ActiveCfg = Release|Any CPU
		{46DF0301-F77C-4D10-9395-5648198C2D13}.Release|Any CPU.Build.0 = Release|Any CPU
		{49E92BE6-CFD1-4F24-AAD7-1BD50CF89877}.Debug|Any CPU.ActiveCfg = Debug|Any CPU
		{49E92BE6-CFD1-4F24-AAD7-1BD50CF89877}.Debug|Any CPU.Build.0 = Debug|Any CPU
		{49E92BE6-CFD1-4F24-AAD7-1BD50CF89877}.Release|Any CPU.ActiveCfg = Release|Any CPU
		{49E92BE6-CFD1-4F24-AAD7-1BD50CF89877}.Release|Any CPU.Build.0 = Release|Any CPU
		{7DB2813B-3A59-4CDA-AF6D-F2F0E8BA0526}.Debug|Any CPU.ActiveCfg = Debug|Any CPU
		{7DB2813B-3A59-4CDA-AF6D-F2F0E8BA0526}.Debug|Any CPU.Build.0 = Debug|Any CPU
		{7DB2813B-3A59-4CDA-AF6D-F2F0E8BA0526}.Release|Any CPU.ActiveCfg = Release|Any CPU
		{7DB2813B-3A59-4CDA-AF6D-F2F0E8BA0526}.Release|Any CPU.Build.0 = Release|Any CPU
	EndGlobalSection
	GlobalSection(SolutionProperties) = preSolution
		HideSolutionNode = FALSE
	EndGlobalSection
	GlobalSection(ExtensibilityGlobals) = postSolution
		SolutionGuid = {0F4122BA-42AD-427A-B4C2-C83BFB845307}
	EndGlobalSection
EndGlobal
